// !$*UTF8*$!
{
	archiveVersion = 1;
	classes = {
	};
	objectVersion = 46;
	objects = {

/* Begin PBXBuildFile section */
		0B038F351DDDC97A00199C0B /* AppDelegate.swift in Sources */ = {isa = PBXBuildFile; fileRef = 0B038F341DDDC97A00199C0B /* AppDelegate.swift */; };
		0B038F371DDDC97A00199C0B /* ViewController.swift in Sources */ = {isa = PBXBuildFile; fileRef = 0B038F361DDDC97A00199C0B /* ViewController.swift */; };
		0B038F3A1DDDC97A00199C0B /* Main.storyboard in Resources */ = {isa = PBXBuildFile; fileRef = 0B038F381DDDC97A00199C0B /* Main.storyboard */; };
		0B038F3C1DDDC97A00199C0B /* Assets.xcassets in Resources */ = {isa = PBXBuildFile; fileRef = 0B038F3B1DDDC97A00199C0B /* Assets.xcassets */; };
		0B038F3F1DDDC97A00199C0B /* LaunchScreen.storyboard in Resources */ = {isa = PBXBuildFile; fileRef = 0B038F3D1DDDC97A00199C0B /* LaunchScreen.storyboard */; };
		0B038F471DF0395200199C0B /* apuri3.png in Resources */ = {isa = PBXBuildFile; fileRef = 0B038F461DF0395200199C0B /* apuri3.png */; };
		0B038F491DF03A1500199C0B /* apuri1.png in Resources */ = {isa = PBXBuildFile; fileRef = 0B038F481DF03A1500199C0B /* apuri1.png */; };
		0B038F4B1DF03E0B00199C0B /* apuri3.png in Resources */ = {isa = PBXBuildFile; fileRef = 0B038F4A1DF03E0B00199C0B /* apuri3.png */; };
		0B038F4D1DF961F600199C0B /* apuri5.png in Resources */ = {isa = PBXBuildFile; fileRef = 0B038F4C1DF961F600199C0B /* apuri5.png */; };
		0B038F4F1DF9700400199C0B /* apuri6.png in Resources */ = {isa = PBXBuildFile; fileRef = 0B038F4E1DF9700400199C0B /* apuri6.png */; };
		0B038F511DF9713400199C0B /* apuri7.png in Resources */ = {isa = PBXBuildFile; fileRef = 0B038F501DF9713400199C0B /* apuri7.png */; };
		0BC612C31E30CE53008F7017 /* SettingViewController.swift in Sources */ = {isa = PBXBuildFile; fileRef = 0BC612C21E30CE53008F7017 /* SettingViewController.swift */; };
		0BC612C51E30D01B008F7017 /* apuri10.png in Resources */ = {isa = PBXBuildFile; fileRef = 0BC612C41E30D01B008F7017 /* apuri10.png */; };
		0BC612CC1E30D0E2008F7017 /* mini-wakuwaku-maru.otf in Resources */ = {isa = PBXBuildFile; fileRef = 0BC612C91E30D0E2008F7017 /* mini-wakuwaku-maru.otf */; };
		0BC612CD1E30D0E2008F7017 /* mini-wakuwaku.otf in Resources */ = {isa = PBXBuildFile; fileRef = 0BC612CA1E30D0E2008F7017 /* mini-wakuwaku.otf */; };
		0BC612CE1E30D0E2008F7017 /* readme.html in Resources */ = {isa = PBXBuildFile; fileRef = 0BC612CB1E30D0E2008F7017 /* readme.html */; };
		0BC612D71E30D32E008F7017 /* LICENSE_E in Resources */ = {isa = PBXBuildFile; fileRef = 0BC612D11E30D32E008F7017 /* LICENSE_E */; };
		0BC612D81E30D32E008F7017 /* LICENSE_J in Resources */ = {isa = PBXBuildFile; fileRef = 0BC612D21E30D32E008F7017 /* LICENSE_J */; };
		0BC612D91E30D32E008F7017 /* README_E in Resources */ = {isa = PBXBuildFile; fileRef = 0BC612D31E30D32E008F7017 /* README_E */; };
		0BC612DA1E30D32E008F7017 /* README_J in Resources */ = {isa = PBXBuildFile; fileRef = 0BC612D41E30D32E008F7017 /* README_J */; };
		0BC612DB1E30D32E008F7017 /* nicoca_v1.ttf in Resources */ = {isa = PBXBuildFile; fileRef = 0BC612D51E30D32E008F7017 /* nicoca_v1.ttf */; };
		0BC612DC1E30D32E008F7017 /* 利用前にお読みください.txt in Resources */ = {isa = PBXBuildFile; fileRef = 0BC612D61E30D32E008F7017 /* 利用前にお読みください.txt */; };
		0BC612E01E30D982008F7017 /* apuri12.png in Resources */ = {isa = PBXBuildFile; fileRef = 0BC612DF1E30D982008F7017 /* apuri12.png */; };
		0BC612E21E361DA0008F7017 /* apuri16.png in Resources */ = {isa = PBXBuildFile; fileRef = 0BC612E11E361DA0008F7017 /* apuri16.png */; };
		0BC612E41E361DAD008F7017 /* apuri15.png in Resources */ = {isa = PBXBuildFile; fileRef = 0BC612E31E361DAD008F7017 /* apuri15.png */; };
		0BC612E81E3A1289008F7017 /* apuri18.png in Resources */ = {isa = PBXBuildFile; fileRef = 0BC612E71E3A1289008F7017 /* apuri18.png */; };
		0BD61F631E4C7A84002BA678 /* Setting2ViewController.swift in Sources */ = {isa = PBXBuildFile; fileRef = 0BD61F621E4C7A84002BA678 /* Setting2ViewController.swift */; };
		0BD61F651E4C7AB1002BA678 /* AgurimoaiViewController.swift in Sources */ = {isa = PBXBuildFile; fileRef = 0BD61F641E4C7AB1002BA678 /* AgurimoaiViewController.swift */; };
		0BEB21281E02965500314D5D /* apuri8.png in Resources */ = {isa = PBXBuildFile; fileRef = 0BEB21271E02965500314D5D /* apuri8.png */; };
		0BEB212A1E0296BD00314D5D /* apuri9.png in Resources */ = {isa = PBXBuildFile; fileRef = 0BEB21291E0296BD00314D5D /* apuri9.png */; };
/* End PBXBuildFile section */

/* Begin PBXFileReference section */
		0B038F311DDDC97A00199C0B /* meazmasi.app */ = {isa = PBXFileReference; explicitFileType = wrapper.application; includeInIndex = 0; path = meazmasi.app; sourceTree = BUILT_PRODUCTS_DIR; };
		0B038F341DDDC97A00199C0B /* AppDelegate.swift */ = {isa = PBXFileReference; lastKnownFileType = sourcecode.swift; path = AppDelegate.swift; sourceTree = "<group>"; };
		0B038F361DDDC97A00199C0B /* ViewController.swift */ = {isa = PBXFileReference; lastKnownFileType = sourcecode.swift; path = ViewController.swift; sourceTree = "<group>"; };
		0B038F391DDDC97A00199C0B /* Base */ = {isa = PBXFileReference; lastKnownFileType = file.storyboard; name = Base; path = Base.lproj/Main.storyboard; sourceTree = "<group>"; };
		0B038F3B1DDDC97A00199C0B /* Assets.xcassets */ = {isa = PBXFileReference; lastKnownFileType = folder.assetcatalog; path = Assets.xcassets; sourceTree = "<group>"; };
		0B038F3E1DDDC97A00199C0B /* Base */ = {isa = PBXFileReference; lastKnownFileType = file.storyboard; name = Base; path = Base.lproj/LaunchScreen.storyboard; sourceTree = "<group>"; };
		0B038F401DDDC97A00199C0B /* Info.plist */ = {isa = PBXFileReference; lastKnownFileType = text.plist.xml; path = Info.plist; sourceTree = "<group>"; };
		0B038F461DF0395200199C0B /* apuri3.png */ = {isa = PBXFileReference; lastKnownFileType = image.png; path = apuri3.png; sourceTree = "<group>"; };
		0B038F481DF03A1500199C0B /* apuri1.png */ = {isa = PBXFileReference; lastKnownFileType = image.png; path = apuri1.png; sourceTree = "<group>"; };
		0B038F4A1DF03E0B00199C0B /* apuri3.png */ = {isa = PBXFileReference; lastKnownFileType = image.png; path = apuri3.png; sourceTree = "<group>"; };
		0B038F4C1DF961F600199C0B /* apuri5.png */ = {isa = PBXFileReference; lastKnownFileType = image.png; path = apuri5.png; sourceTree = "<group>"; };
		0B038F4E1DF9700400199C0B /* apuri6.png */ = {isa = PBXFileReference; lastKnownFileType = image.png; path = apuri6.png; sourceTree = "<group>"; };
		0B038F501DF9713400199C0B /* apuri7.png */ = {isa = PBXFileReference; lastKnownFileType = image.png; path = apuri7.png; sourceTree = "<group>"; };
		0BC612C21E30CE53008F7017 /* SettingViewController.swift */ = {isa = PBXFileReference; fileEncoding = 4; lastKnownFileType = sourcecode.swift; path = SettingViewController.swift; sourceTree = "<group>"; };
		0BC612C41E30D01B008F7017 /* apuri10.png */ = {isa = PBXFileReference; lastKnownFileType = image.png; path = apuri10.png; sourceTree = "<group>"; };
		0BC612C91E30D0E2008F7017 /* mini-wakuwaku-maru.otf */ = {isa = PBXFileReference; lastKnownFileType = file; path = "mini-wakuwaku-maru.otf"; sourceTree = "<group>"; };
		0BC612CA1E30D0E2008F7017 /* mini-wakuwaku.otf */ = {isa = PBXFileReference; lastKnownFileType = file; path = "mini-wakuwaku.otf"; sourceTree = "<group>"; };
		0BC612CB1E30D0E2008F7017 /* readme.html */ = {isa = PBXFileReference; fileEncoding = 4; lastKnownFileType = text.html; path = readme.html; sourceTree = "<group>"; };
		0BC612D11E30D32E008F7017 /* LICENSE_E */ = {isa = PBXFileReference; fileEncoding = 4; lastKnownFileType = text; path = LICENSE_E; sourceTree = "<group>"; };
		0BC612D21E30D32E008F7017 /* LICENSE_J */ = {isa = PBXFileReference; fileEncoding = 4; lastKnownFileType = text; path = LICENSE_J; sourceTree = "<group>"; };
		0BC612D31E30D32E008F7017 /* README_E */ = {isa = PBXFileReference; fileEncoding = 4; lastKnownFileType = text; path = README_E; sourceTree = "<group>"; };
		0BC612D41E30D32E008F7017 /* README_J */ = {isa = PBXFileReference; fileEncoding = 4; lastKnownFileType = text; path = README_J; sourceTree = "<group>"; };
		0BC612D51E30D32E008F7017 /* nicoca_v1.ttf */ = {isa = PBXFileReference; lastKnownFileType = file; path = nicoca_v1.ttf; sourceTree = "<group>"; };
		0BC612D61E30D32E008F7017 /* 利用前にお読みください.txt */ = {isa = PBXFileReference; fileEncoding = 4; lastKnownFileType = text; path = "利用前にお読みください.txt"; sourceTree = "<group>"; };
		0BC612DF1E30D982008F7017 /* apuri12.png */ = {isa = PBXFileReference; lastKnownFileType = image.png; path = apuri12.png; sourceTree = "<group>"; };
		0BC612E11E361DA0008F7017 /* apuri16.png */ = {isa = PBXFileReference; lastKnownFileType = image.png; path = apuri16.png; sourceTree = "<group>"; };
		0BC612E31E361DAD008F7017 /* apuri15.png */ = {isa = PBXFileReference; lastKnownFileType = image.png; path = apuri15.png; sourceTree = "<group>"; };
		0BC612E71E3A1289008F7017 /* apuri18.png */ = {isa = PBXFileReference; lastKnownFileType = image.png; path = apuri18.png; sourceTree = "<group>"; };
		0BD61F621E4C7A84002BA678 /* Setting2ViewController.swift */ = {isa = PBXFileReference; fileEncoding = 4; lastKnownFileType = sourcecode.swift; path = Setting2ViewController.swift; sourceTree = "<group>"; };
		0BD61F641E4C7AB1002BA678 /* AgurimoaiViewController.swift */ = {isa = PBXFileReference; fileEncoding = 4; lastKnownFileType = sourcecode.swift; path = AgurimoaiViewController.swift; sourceTree = "<group>"; };
		0BEB21271E02965500314D5D /* apuri8.png */ = {isa = PBXFileReference; lastKnownFileType = image.png; path = apuri8.png; sourceTree = "<group>"; };
		0BEB21291E0296BD00314D5D /* apuri9.png */ = {isa = PBXFileReference; lastKnownFileType = image.png; path = apuri9.png; sourceTree = "<group>"; };
/* End PBXFileReference section */

/* Begin PBXFrameworksBuildPhase section */
		0B038F2E1DDDC97A00199C0B /* Frameworks */ = {
			isa = PBXFrameworksBuildPhase;
			buildActionMask = 2147483647;
			files = (
			);
			runOnlyForDeploymentPostprocessing = 0;
		};
/* End PBXFrameworksBuildPhase section */

/* Begin PBXGroup section */
		0B038F281DDDC97A00199C0B = {
			isa = PBXGroup;
			children = (
				0B038F331DDDC97A00199C0B /* meazmasi */,
				0B038F321DDDC97A00199C0B /* Products */,
			);
			sourceTree = "<group>";
		};
		0B038F321DDDC97A00199C0B /* Products */ = {
			isa = PBXGroup;
			children = (
				0B038F311DDDC97A00199C0B /* meazmasi.app */,
			);
			name = Products;
			sourceTree = "<group>";
		};
		0B038F331DDDC97A00199C0B /* meazmasi */ = {
			isa = PBXGroup;
			children = (
				0B038F341DDDC97A00199C0B /* AppDelegate.swift */,
				0B038F361DDDC97A00199C0B /* ViewController.swift */,
				0BC612C21E30CE53008F7017 /* SettingViewController.swift */,
				0BD61F621E4C7A84002BA678 /* Setting2ViewController.swift */,
				0BD61F641E4C7AB1002BA678 /* AgurimoaiViewController.swift */,
				0B038F381DDDC97A00199C0B /* Main.storyboard */,
				0BC612C41E30D01B008F7017 /* apuri10.png */,
				0B038F4C1DF961F600199C0B /* apuri5.png */,
				0B038F461DF0395200199C0B /* apuri3.png */,
				0B038F4E1DF9700400199C0B /* apuri6.png */,
				0B038F4A1DF03E0B00199C0B /* apuri3.png */,
				0BC612E31E361DAD008F7017 /* apuri15.png */,
				0BC612E11E361DA0008F7017 /* apuri16.png */,
				0BEB21291E0296BD00314D5D /* apuri9.png */,
				0BEB21271E02965500314D5D /* apuri8.png */,
				0BC612DF1E30D982008F7017 /* apuri12.png */,
				0B038F481DF03A1500199C0B /* apuri1.png */,
				0BC612E71E3A1289008F7017 /* apuri18.png */,
				0BC612CF1E30D32E008F7017 /* nicoca のコピー */,
				0B038F501DF9713400199C0B /* apuri7.png */,
				0B038F3B1DDDC97A00199C0B /* Assets.xcassets */,
				0B038F3D1DDDC97A00199C0B /* LaunchScreen.storyboard */,
				0B038F401DDDC97A00199C0B /* Info.plist */,
				0BC612C81E30D0E2008F7017 /* mini-wakuwaku */,
			);
			path = meazmasi;
			sourceTree = "<group>";
		};
		0BC612C81E30D0E2008F7017 /* mini-wakuwaku */ = {
			isa = PBXGroup;
			children = (
				0BC612C91E30D0E2008F7017 /* mini-wakuwaku-maru.otf */,
				0BC612CA1E30D0E2008F7017 /* mini-wakuwaku.otf */,
				0BC612CB1E30D0E2008F7017 /* readme.html */,
			);
			path = "mini-wakuwaku";
			sourceTree = "<group>";
		};
		0BC612CF1E30D32E008F7017 /* nicoca のコピー */ = {
			isa = PBXGroup;
			children = (
				0BC612D01E30D32E008F7017 /* mplus-TESTFLIGHT-059 */,
				0BC612D51E30D32E008F7017 /* nicoca_v1.ttf */,
				0BC612D61E30D32E008F7017 /* 利用前にお読みください.txt */,
			);
			path = "nicoca のコピー";
			sourceTree = "<group>";
		};
		0BC612D01E30D32E008F7017 /* mplus-TESTFLIGHT-059 */ = {
			isa = PBXGroup;
			children = (
				0BC612D11E30D32E008F7017 /* LICENSE_E */,
				0BC612D21E30D32E008F7017 /* LICENSE_J */,
				0BC612D31E30D32E008F7017 /* README_E */,
				0BC612D41E30D32E008F7017 /* README_J */,
			);
			path = "mplus-TESTFLIGHT-059";
			sourceTree = "<group>";
		};
/* End PBXGroup section */

/* Begin PBXNativeTarget section */
		0B038F301DDDC97A00199C0B /* meazmasi */ = {
			isa = PBXNativeTarget;
			buildConfigurationList = 0B038F431DDDC97A00199C0B /* Build configuration list for PBXNativeTarget "meazmasi" */;
			buildPhases = (
				0B038F2D1DDDC97A00199C0B /* Sources */,
				0B038F2E1DDDC97A00199C0B /* Frameworks */,
				0B038F2F1DDDC97A00199C0B /* Resources */,
			);
			buildRules = (
			);
			dependencies = (
			);
			name = meazmasi;
			productName = meazmasi;
			productReference = 0B038F311DDDC97A00199C0B /* meazmasi.app */;
			productType = "com.apple.product-type.application";
		};
/* End PBXNativeTarget section */

/* Begin PBXProject section */
		0B038F291DDDC97A00199C0B /* Project object */ = {
			isa = PBXProject;
			attributes = {
				LastSwiftUpdateCheck = 0810;
				LastUpgradeCheck = 0810;
				ORGANIZATIONNAME = "山本有紗";
				TargetAttributes = {
					0B038F301DDDC97A00199C0B = {
						CreatedOnToolsVersion = 8.1;
						ProvisioningStyle = Automatic;
					};
				};
			};
			buildConfigurationList = 0B038F2C1DDDC97A00199C0B /* Build configuration list for PBXProject "meazmasi" */;
			compatibilityVersion = "Xcode 3.2";
			developmentRegion = English;
			hasScannedForEncodings = 0;
			knownRegions = (
				en,
				Base,
			);
			mainGroup = 0B038F281DDDC97A00199C0B;
			productRefGroup = 0B038F321DDDC97A00199C0B /* Products */;
			projectDirPath = "";
			projectRoot = "";
			targets = (
				0B038F301DDDC97A00199C0B /* meazmasi */,
			);
		};
/* End PBXProject section */

/* Begin PBXResourcesBuildPhase section */
		0B038F2F1DDDC97A00199C0B /* Resources */ = {
			isa = PBXResourcesBuildPhase;
			buildActionMask = 2147483647;
			files = (
				0BC612D91E30D32E008F7017 /* README_E in Resources */,
				0BC612D71E30D32E008F7017 /* LICENSE_E in Resources */,
				0B038F3F1DDDC97A00199C0B /* LaunchScreen.storyboard in Resources */,
				0B038F4D1DF961F600199C0B /* apuri5.png in Resources */,
				0BC612E21E361DA0008F7017 /* apuri16.png in Resources */,
				0BC612C51E30D01B008F7017 /* apuri10.png in Resources */,
				0B038F471DF0395200199C0B /* apuri3.png in Resources */,
				0B038F3C1DDDC97A00199C0B /* Assets.xcassets in Resources */,
				0BC612CC1E30D0E2008F7017 /* mini-wakuwaku-maru.otf in Resources */,
				0BC612E81E3A1289008F7017 /* apuri18.png in Resources */,
				0B038F4F1DF9700400199C0B /* apuri6.png in Resources */,
				0BC612CD1E30D0E2008F7017 /* mini-wakuwaku.otf in Resources */,
				0B038F4B1DF03E0B00199C0B /* apuri3.png in Resources */,
				0B038F491DF03A1500199C0B /* apuri1.png in Resources */,
				0BC612E41E361DAD008F7017 /* apuri15.png in Resources */,
				0BC612DB1E30D32E008F7017 /* nicoca_v1.ttf in Resources */,
				0B038F3A1DDDC97A00199C0B /* Main.storyboard in Resources */,
				0BC612CE1E30D0E2008F7017 /* readme.html in Resources */,
				0BEB212A1E0296BD00314D5D /* apuri9.png in Resources */,
				0BC612DC1E30D32E008F7017 /* 利用前にお読みください.txt in Resources */,
				0BC612E01E30D982008F7017 /* apuri12.png in Resources */,
				0BEB21281E02965500314D5D /* apuri8.png in Resources */,
				0BC612D81E30D32E008F7017 /* LICENSE_J in Resources */,
				0B038F511DF9713400199C0B /* apuri7.png in Resources */,
				0BC612DA1E30D32E008F7017 /* README_J in Resources */,
			);
			runOnlyForDeploymentPostprocessing = 0;
		};
/* End PBXResourcesBuildPhase section */

/* Begin PBXSourcesBuildPhase section */
		0B038F2D1DDDC97A00199C0B /* Sources */ = {
			isa = PBXSourcesBuildPhase;
			buildActionMask = 2147483647;
			files = (
				0B038F371DDDC97A00199C0B /* ViewController.swift in Sources */,
				0BD61F651E4C7AB1002BA678 /* AgurimoaiViewController.swift in Sources */,
				0B038F351DDDC97A00199C0B /* AppDelegate.swift in Sources */,
				0BD61F631E4C7A84002BA678 /* Setting2ViewController.swift in Sources */,
				0BC612C31E30CE53008F7017 /* SettingViewController.swift in Sources */,
			);
			runOnlyForDeploymentPostprocessing = 0;
		};
/* End PBXSourcesBuildPhase section */

/* Begin PBXVariantGroup section */
		0B038F381DDDC97A00199C0B /* Main.storyboard */ = {
			isa = PBXVariantGroup;
			children = (
				0B038F391DDDC97A00199C0B /* Base */,
			);
			name = Main.storyboard;
			sourceTree = "<group>";
		};
		0B038F3D1DDDC97A00199C0B /* LaunchScreen.storyboard */ = {
			isa = PBXVariantGroup;
			children = (
				0B038F3E1DDDC97A00199C0B /* Base */,
			);
			name = LaunchScreen.storyboard;
			sourceTree = "<group>";
		};
/* End PBXVariantGroup section */

/* Begin XCBuildConfiguration section */
		0B038F411DDDC97A00199C0B /* Debug */ = {
			isa = XCBuildConfiguration;
			buildSettings = {
				ALWAYS_SEARCH_USER_PATHS = NO;
				CLANG_ANALYZER_NONNULL = YES;
				CLANG_CXX_LANGUAGE_STANDARD = "gnu++0x";
				CLANG_CXX_LIBRARY = "libc++";
				CLANG_ENABLE_MODULES = YES;
				CLANG_ENABLE_OBJC_ARC = YES;
				CLANG_WARN_BOOL_CONVERSION = YES;
				CLANG_WARN_CONSTANT_CONVERSION = YES;
				CLANG_WARN_DIRECT_OBJC_ISA_USAGE = YES_ERROR;
				CLANG_WARN_DOCUMENTATION_COMMENTS = YES;
				CLANG_WARN_EMPTY_BODY = YES;
				CLANG_WARN_ENUM_CONVERSION = YES;
				CLANG_WARN_INFINITE_RECURSION = YES;
				CLANG_WARN_INT_CONVERSION = YES;
				CLANG_WARN_OBJC_ROOT_CLASS = YES_ERROR;
				CLANG_WARN_SUSPICIOUS_MOVES = YES;
				CLANG_WARN_UNREACHABLE_CODE = YES;
				CLANG_WARN__DUPLICATE_METHOD_MATCH = YES;
				"CODE_SIGN_IDENTITY[sdk=iphoneos*]" = "iPhone Developer";
				COPY_PHASE_STRIP = NO;
				DEBUG_INFORMATION_FORMAT = dwarf;
				ENABLE_STRICT_OBJC_MSGSEND = YES;
				ENABLE_TESTABILITY = YES;
				GCC_C_LANGUAGE_STANDARD = gnu99;
				GCC_DYNAMIC_NO_PIC = NO;
				GCC_NO_COMMON_BLOCKS = YES;
				GCC_OPTIMIZATION_LEVEL = 0;
				GCC_PREPROCESSOR_DEFINITIONS = (
					"DEBUG=1",
					"$(inherited)",
				);
				GCC_WARN_64_TO_32_BIT_CONVERSION = YES;
				GCC_WARN_ABOUT_RETURN_TYPE = YES_ERROR;
				GCC_WARN_UNDECLARED_SELECTOR = YES;
				GCC_WARN_UNINITIALIZED_AUTOS = YES_AGGRESSIVE;
				GCC_WARN_UNUSED_FUNCTION = YES;
				GCC_WARN_UNUSED_VARIABLE = YES;
				IPHONEOS_DEPLOYMENT_TARGET = 10.1;
				MTL_ENABLE_DEBUG_INFO = YES;
				ONLY_ACTIVE_ARCH = YES;
				SDKROOT = iphoneos;
				SWIFT_ACTIVE_COMPILATION_CONDITIONS = DEBUG;
				SWIFT_OPTIMIZATION_LEVEL = "-Onone";
			};
			name = Debug;
		};
		0B038F421DDDC97A00199C0B /* Release */ = {
			isa = XCBuildConfiguration;
			buildSettings = {
				ALWAYS_SEARCH_USER_PATHS = NO;
				CLANG_ANALYZER_NONNULL = YES;
				CLANG_CXX_LANGUAGE_STANDARD = "gnu++0x";
				CLANG_CXX_LIBRARY = "libc++";
				CLANG_ENABLE_MODULES = YES;
				CLANG_ENABLE_OBJC_ARC = YES;
				CLANG_WARN_BOOL_CONVERSION = YES;
				CLANG_WARN_CONSTANT_CONVERSION = YES;
				CLANG_WARN_DIRECT_OBJC_ISA_USAGE = YES_ERROR;
				CLANG_WARN_DOCUMENTATION_COMMENTS = YES;
				CLANG_WARN_EMPTY_BODY = YES;
				CLANG_WARN_ENUM_CONVERSION = YES;
				CLANG_WARN_INFINITE_RECURSION = YES;
				CLANG_WARN_INT_CONVERSION = YES;
				CLANG_WARN_OBJC_ROOT_CLASS = YES_ERROR;
				CLANG_WARN_SUSPICIOUS_MOVES = YES;
				CLANG_WARN_UNREACHABLE_CODE = YES;
				CLANG_WARN__DUPLICATE_METHOD_MATCH = YES;
				"CODE_SIGN_IDENTITY[sdk=iphoneos*]" = "iPhone Developer";
				COPY_PHASE_STRIP = NO;
				DEBUG_INFORMATION_FORMAT = "dwarf-with-dsym";
				ENABLE_NS_ASSERTIONS = NO;
				ENABLE_STRICT_OBJC_MSGSEND = YES;
				GCC_C_LANGUAGE_STANDARD = gnu99;
				GCC_NO_COMMON_BLOCKS = YES;
				GCC_WARN_64_TO_32_BIT_CONVERSION = YES;
				GCC_WARN_ABOUT_RETURN_TYPE = YES_ERROR;
				GCC_WARN_UNDECLARED_SELECTOR = YES;
				GCC_WARN_UNINITIALIZED_AUTOS = YES_AGGRESSIVE;
				GCC_WARN_UNUSED_FUNCTION = YES;
				GCC_WARN_UNUSED_VARIABLE = YES;
				IPHONEOS_DEPLOYMENT_TARGET = 10.1;
				MTL_ENABLE_DEBUG_INFO = NO;
				SDKROOT = iphoneos;
				SWIFT_OPTIMIZATION_LEVEL = "-Owholemodule";
				VALIDATE_PRODUCT = YES;
			};
			name = Release;
		};
		0B038F441DDDC97A00199C0B /* Debug */ = {
			isa = XCBuildConfiguration;
			buildSettings = {
				ASSETCATALOG_COMPILER_APPICON_NAME = AppIcon;
				INFOPLIST_FILE = meazmasi/Info.plist;
				LD_RUNPATH_SEARCH_PATHS = "$(inherited) @executable_path/Frameworks";
				PRODUCT_BUNDLE_IDENTIFIER = "----.meazmasi";
				PRODUCT_NAME = "$(TARGET_NAME)";
				SWIFT_VERSION = 3.0;
			};
			name = Debug;
		};
		0B038F451DDDC97A00199C0B /* Release */ = {
			isa = XCBuildConfiguration;
			buildSettings = {
				ASSETCATALOG_COMPILER_APPICON_NAME = AppIcon;
				INFOPLIST_FILE = meazmasi/Info.plist;
				LD_RUNPATH_SEARCH_PATHS = "$(inherited) @executable_path/Frameworks";
				PRODUCT_BUNDLE_IDENTIFIER = "----.meazmasi";
				PRODUCT_NAME = "$(TARGET_NAME)";
				SWIFT_VERSION = 3.0;
			};
			name = Release;
		};
/* End XCBuildConfiguration section */

/* Begin XCConfigurationList section */
		0B038F2C1DDDC97A00199C0B /* Build configuration list for PBXProject "meazmasi" */ = {
			isa = XCConfigurationList;
			buildConfigurations = (
				0B038F411DDDC97A00199C0B /* Debug */,
				0B038F421DDDC97A00199C0B /* Release */,
			);
			defaultConfigurationIsVisible = 0;
			defaultConfigurationName = Release;
		};
		0B038F431DDDC97A00199C0B /* Build configuration list for PBXNativeTarget "meazmasi" */ = {
			isa = XCConfigurationList;
			buildConfigurations = (
				0B038F441DDDC97A00199C0B /* Debug */,
				0B038F451DDDC97A00199C0B /* Release */,
			);
			defaultConfigurationIsVisible = 0;
			defaultConfigurationName = Release;
		};
/* End XCConfigurationList section */
	};
	rootObject = 0B038F291DDDC97A00199C0B /* Project object */;
}
